
Microsoft Visual Studio Solution File, Format Version 12.00
# Visual Studio Version 17
VisualStudioVersion = 17.0.31903.59
MinimumVisualStudioVersion = 10.0.40219.1
Project("{FAE04EC0-301F-11D3-BF4B-00C04F79EFBC}") = "ComboBoxApp2", "ComboBoxApp2.csproj", "{AF3E2DB8-D68A-49A9-A884-1FD97C633FB4}"
EndProject
Global
	GlobalSection(SolutionConfigurationPlatforms) = preSolution
		Debug|Any CPU = Debug|Any CPU
		Release|Any CPU = Release|Any CPU
	EndGlobalSection
	GlobalSection(ProjectConfigurationPlatforms) = postSolution
		{AF3E2DB8-D68A-49A9-A884-1FD97C633FB4}.Debug|Any CPU.ActiveCfg = Debug|Any CPU
		{AF3E2DB8-D68A-49A9-A884-1FD97C633FB4}.Debug|Any CPU.Build.0 = Debug|Any CPU
		{AF3E2DB8-D68A-49A9-A884-1FD97C633FB4}.Release|Any CPU.ActiveCfg = Release|Any CPU
		{AF3E2DB8-D68A-49A9-A884-1FD97C633FB4}.Release|Any CPU.Build.0 = Release|Any CPU
	EndGlobalSection
	GlobalSection(SolutionProperties) = preSolution
		HideSolutionNode = FALSE
	EndGlobalSection
	GlobalSection(ExtensibilityGlobals) = postSolution
		SolutionGuid = {12097B41-E988-4361-9E63-2081E0D3B1CA}
	EndGlobalSection
EndGlobal
